
Microsoft Visual Studio Solution File, Format Version 12.00
# Visual Studio 15
VisualStudioVersion = 15.0.28307.421
MinimumVisualStudioVersion = 10.0.40219.1
Project("{FAE04EC0-301F-11D3-BF4B-00C04F79EFBC}") = "ConsoleApp8", "ConsoleApp8\ConsoleApp8.csproj", "{535006CE-E6BC-4E39-9138-391E96870E3A}"
EndProject
Global
	GlobalSection(SolutionConfigurationPlatforms) = preSolution
		Debug|Any CPU = Debug|Any CPU
		Release|Any CPU = Release|Any CPU
	EndGlobalSection
	GlobalSection(ProjectConfigurationPlatforms) = postSolution
		{535006CE-E6BC-4E39-9138-391E96870E3A}.Debug|Any CPU.ActiveCfg = Debug|Any CPU
		{535006CE-E6BC-4E39-9138-391E96870E3A}.Debug|Any CPU.Build.0 = Debug|Any CPU
		{535006CE-E6BC-4E39-9138-391E96870E3A}.Release|Any CPU.ActiveCfg = Release|Any CPU
		{535006CE-E6BC-4E39-9138-391E96870E3A}.Release|Any CPU.Build.0 = Release|Any CPU
	EndGlobalSection
	GlobalSection(SolutionProperties) = preSolution
		HideSolutionNode = FALSE
	EndGlobalSection
	GlobalSection(ExtensibilityGlobals) = postSolution
		SolutionGuid = {C40E6817-6341-4E22-8F62-0723B61EF39A}
	EndGlobalSection
EndGlobal
