
Microsoft Visual Studio Solution File, Format Version 12.00
# Visual Studio 15
VisualStudioVersion = 15.0.28307.421
MinimumVisualStudioVersion = 10.0.40219.1
Project("{FAE04EC0-301F-11D3-BF4B-00C04F79EFBC}") = "csharp11", "csharp11\csharp11.csproj", "{2FEEEFDD-2209-41E9-B135-7F93A12207C2}"
EndProject
Global
	GlobalSection(SolutionConfigurationPlatforms) = preSolution
		Debug|Any CPU = Debug|Any CPU
		Release|Any CPU = Release|Any CPU
	EndGlobalSection
	GlobalSection(ProjectConfigurationPlatforms) = postSolution
		{2FEEEFDD-2209-41E9-B135-7F93A12207C2}.Debug|Any CPU.ActiveCfg = Debug|Any CPU
		{2FEEEFDD-2209-41E9-B135-7F93A12207C2}.Debug|Any CPU.Build.0 = Debug|Any CPU
		{2FEEEFDD-2209-41E9-B135-7F93A12207C2}.Release|Any CPU.ActiveCfg = Release|Any CPU
		{2FEEEFDD-2209-41E9-B135-7F93A12207C2}.Release|Any CPU.Build.0 = Release|Any CPU
	EndGlobalSection
	GlobalSection(SolutionProperties) = preSolution
		HideSolutionNode = FALSE
	EndGlobalSection
	GlobalSection(ExtensibilityGlobals) = postSolution
		SolutionGuid = {DEBF0899-D397-4A7C-A87F-6110AC1FDE45}
	EndGlobalSection
EndGlobal
