
Microsoft Visual Studio Solution File, Format Version 12.00
# Visual Studio 15
VisualStudioVersion = 15.0.28307.421
MinimumVisualStudioVersion = 10.0.40219.1
Project("{FAE04EC0-301F-11D3-BF4B-00C04F79EFBC}") = "ConsoleApp9", "ConsoleApp9\ConsoleApp9.csproj", "{BCF71B8F-3FC3-4AB7-93D8-FFB4BB62427B}"
EndProject
Global
	GlobalSection(SolutionConfigurationPlatforms) = preSolution
		Debug|Any CPU = Debug|Any CPU
		Release|Any CPU = Release|Any CPU
	EndGlobalSection
	GlobalSection(ProjectConfigurationPlatforms) = postSolution
		{BCF71B8F-3FC3-4AB7-93D8-FFB4BB62427B}.Debug|Any CPU.ActiveCfg = Debug|Any CPU
		{BCF71B8F-3FC3-4AB7-93D8-FFB4BB62427B}.Debug|Any CPU.Build.0 = Debug|Any CPU
		{BCF71B8F-3FC3-4AB7-93D8-FFB4BB62427B}.Release|Any CPU.ActiveCfg = Release|Any CPU
		{BCF71B8F-3FC3-4AB7-93D8-FFB4BB62427B}.Release|Any CPU.Build.0 = Release|Any CPU
	EndGlobalSection
	GlobalSection(SolutionProperties) = preSolution
		HideSolutionNode = FALSE
	EndGlobalSection
	GlobalSection(ExtensibilityGlobals) = postSolution
		SolutionGuid = {574FF4E2-C407-4352-A6F3-BB33DD39B51B}
	EndGlobalSection
EndGlobal
